# Generated with:
# uv pip compile --universal --python 3.12 requirements-ci.txt -o requirements-ci.lock
certifi==2026.7.22
    # via requests
cffi==2.1.1 ; platform_python_implementation != 'PyPy'
    # via cryptography
charset-normalizer==3.5.1
    # via requests
cryptography==46.0.5
    # via -r requirements-ci.txt
greenlet==3.5.5 ; (python_full_version < '3.14' and platform_machine == 'AMD64') or (python_full_version < '3.14' and platform_machine == 'WIN32') or (python_full_version < '3.14' and platform_machine == 'aarch64') or (python_full_version < '3.14' and platform_machine == 'amd64') or (python_full_version < '3.14' and platform_machine == 'ppc64le') or (python_full_version < '3.14' and platform_machine == 'win32') or (python_full_version < '3.14' and platform_machine == 'x86_64')
    # via sqlalchemy
idna==3.19
    # via requests
numpy==2.4.3
    # via -r requirements-ci.txt
psutil==7.2.2
    # via -r requirements-ci.txt
psycopg==3.2.9
    # via -r requirements-ci.txt
psycopg-binary==3.2.9 ; implementation_name != 'pypy'
    # via psycopg
pycparser==3.0 ; implementation_name != 'PyPy' and platform_python_implementation != 'PyPy'
    # via cffi
requests==2.32.5
    # via -r requirements-ci.txt
sqlalchemy==2.0.43
    # via -r requirements-ci.txt
typing-extensions==4.16.0
    # via
    #   psycopg
    #   sqlalchemy
tzdata==2026.3 ; sys_platform == 'win32'
    # via psycopg
urllib3==2.7.0
    # via requests
